# This file is autogenerated, do not edit; changes may be undone by the next 'dep ensure'.


[[projects]]
  branch = "master"
  digest = "1:132ae4166c8635a9c5beec1ed98b0ac492be808a0404047ad821b6ca3d5dc37d"
  name = "github.com/bitrise-io/go-utils"
  packages = [
    "colorstring",
    "command",
    "errorutil",
    "fileutil",
    "log",
    "parseutil",
    "pathutil",
    "pointers",
  ]
  pruneopts = "UT"
  revision = "e212188d99b41373b4ff8b69e7b1f677bc427bde"

[[projects]]
  branch = "master"
  digest = "1:a64dc5d68ddf98fdc8d625d73b0441372cef930d108c527c470047e1b52d7655"
  name = "github.com/bitrise-io/testresultexport"
  packages = ["testresultexport"]
  pruneopts = "UT"
  revision = "3a8a4bb59cdb82a91897460759754d9774c95a56"

[[projects]]
  branch = "master"
  digest = "1:ba6694e16cc02ad534ba0e2443323379159c978bbba876b01a7286c326cafeb8"
  name = "github.com/bitrise-tools/go-steputils"
  packages = [
    "stepconf",
    "tools",
  ]
  pruneopts = "UT"
  revision = "94490ca44ddb645764676a94988f6fc7e3187383"

[[projects]]
  branch = "master"
  digest = "1:400e113a367b511b9b09ca642ee11d9885485a93838526d697033af334a2fdde"
  name = "github.com/kballard/go-shellquote"
  packages = ["."]
  pruneopts = "UT"
  revision = "95032a82bc518f77982ea72343cc1ade730072f0"

[solve-meta]
  analyzer-name = "dep"
  analyzer-version = 1
  input-imports = [
    "github.com/bitrise-io/go-utils/command",
    "github.com/bitrise-io/go-utils/errorutil",
    "github.com/bitrise-io/go-utils/log",
    "github.com/bitrise-io/testresultexport/testresultexport",
    "github.com/bitrise-tools/go-steputils/stepconf",
    "github.com/bitrise-tools/go-steputils/tools",
    "github.com/kballard/go-shellquote",
  ]
  solver-name = "gps-cdcl"
  solver-version = 1
